
Microsoft Visual Studio Solution File, Format Version 12.00
# Visual Studio 15
VisualStudioVersion = 15.0.28307.1022
MinimumVisualStudioVersion = 10.0.40219.1
Project("{FAE04EC0-301F-11D3-BF4B-00C04F79EFBC}") = "SalonManagmentApp", "SalonManagmentApp\SalonManagmentApp.csproj", "{585503DD-6443-4D91-8BAD-89AAA4228CE0}"
EndProject
Project("{FAE04EC0-301F-11D3-BF4B-00C04F79EFBC}") = "SalonManagementApp.core", "SalonManagementApp.core\SalonManagementApp.core.csproj", "{64091A5E-6088-4C25-8B15-96E2C1169B79}"
EndProject
Global
	GlobalSection(SolutionConfigurationPlatforms) = preSolution
		Debug|Any CPU = Debug|Any CPU
		Release|Any CPU = Release|Any CPU
	EndGlobalSection
	GlobalSection(ProjectConfigurationPlatforms) = postSolution
		{585503DD-6443-4D91-8BAD-89AAA4228CE0}.Debug|Any CPU.ActiveCfg = Debug|Any CPU
		{585503DD-6443-4D91-8BAD-89AAA4228CE0}.Debug|Any CPU.Build.0 = Debug|Any CPU
		{585503DD-6443-4D91-8BAD-89AAA4228CE0}.Debug|Any CPU.Deploy.0 = Debug|Any CPU
		{585503DD-6443-4D91-8BAD-89AAA4228CE0}.Release|Any CPU.ActiveCfg = Release|Any CPU
		{585503DD-6443-4D91-8BAD-89AAA4228CE0}.Release|Any CPU.Build.0 = Release|Any CPU
		{585503DD-6443-4D91-8BAD-89AAA4228CE0}.Release|Any CPU.Deploy.0 = Release|Any CPU
		{64091A5E-6088-4C25-8B15-96E2C1169B79}.Debug|Any CPU.ActiveCfg = Debug|Any CPU
		{64091A5E-6088-4C25-8B15-96E2C1169B79}.Debug|Any CPU.Build.0 = Debug|Any CPU
		{64091A5E-6088-4C25-8B15-96E2C1169B79}.Release|Any CPU.ActiveCfg = Release|Any CPU
		{64091A5E-6088-4C25-8B15-96E2C1169B79}.Release|Any CPU.Build.0 = Release|Any CPU
	EndGlobalSection
	GlobalSection(SolutionProperties) = preSolution
		HideSolutionNode = FALSE
	EndGlobalSection
	GlobalSection(ExtensibilityGlobals) = postSolution
		SolutionGuid = {D64CF6D6-9467-417B-9748-A72F4A7DA1F1}
	EndGlobalSection
EndGlobal
